// !$*UTF8*$!
{
	archiveVersion = 1;
	classes = {
	};
	objectVersion = 55;
	objects = {

/* Begin PBXBuildFile section */
		5828B67F288C7B54002EE580 /* AppDelegate.swift in Sources */ = {isa = PBXBuildFile; fileRef = 5828B67E288C7B54002EE580 /* AppDelegate.swift */; };
		5828B681288C7B54002EE580 /* SceneDelegate.swift in Sources */ = {isa = PBXBuildFile; fileRef = 5828B680288C7B54002EE580 /* SceneDelegate.swift */; };
		5828B686288C7B54002EE580 /* Main.storyboard in Resources */ = {isa = PBXBuildFile; fileRef = 5828B684288C7B54002EE580 /* Main.storyboard */; };
		5828B688288C7B55002EE580 /* Assets.xcassets in Resources */ = {isa = PBXBuildFile; fileRef = 5828B687288C7B55002EE580 /* Assets.xcassets */; };
		5828B68B288C7B55002EE580 /* LaunchScreen.storyboard in Resources */ = {isa = PBXBuildFile; fileRef = 5828B689288C7B55002EE580 /* LaunchScreen.storyboard */; };
		584130B3288F575D002759B7 /* RecipeTableViewCell.swift in Sources */ = {isa = PBXBuildFile; fileRef = 584130B1288F575D002759B7 /* RecipeTableViewCell.swift */; };
		584130B4288F575D002759B7 /* RecipeTableViewCell.xib in Resources */ = {isa = PBXBuildFile; fileRef = 584130B2288F575D002759B7 /* RecipeTableViewCell.xib */; };
		586F3EF6288C7DF80030BFE7 /* RecipeBook.swift in Sources */ = {isa = PBXBuildFile; fileRef = 586F3EF5288C7DF80030BFE7 /* RecipeBook.swift */; };
		58C41EF8288CB69500F49C27 /* Recipe.swift in Sources */ = {isa = PBXBuildFile; fileRef = 58C41EF7288CB69500F49C27 /* Recipe.swift */; };
		58C41EFA288F408400F49C27 /* TableViewController.swift in Sources */ = {isa = PBXBuildFile; fileRef = 58C41EF9288F408400F49C27 /* TableViewController.swift */; };
		D89B4A16BB3C4B95F5F0446C /* Pods_RecipeApp.framework in Frameworks */ = {isa = PBXBuildFile; fileRef = 8FEFD8F7DB4DFFF968A3F92A /* Pods_RecipeApp.framework */; };
/* End PBXBuildFile section */

/* Begin PBXFileReference section */
		2438AAF3C36125B62B00FEC0 /* Pods-RecipeApp.release.xcconfig */ = {isa = PBXFileReference; includeInIndex = 1; lastKnownFileType = text.xcconfig; name = "Pods-RecipeApp.release.xcconfig"; path = "Target Support Files/Pods-RecipeApp/Pods-RecipeApp.release.xcconfig"; sourceTree = "<group>"; };
		5828B67B288C7B54002EE580 /* RecipeApp.app */ = {isa = PBXFileReference; explicitFileType = wrapper.application; includeInIndex = 0; path = RecipeApp.app; sourceTree = BUILT_PRODUCTS_DIR; };
		5828B67E288C7B54002EE580 /* AppDelegate.swift */ = {isa = PBXFileReference; lastKnownFileType = sourcecode.swift; path = AppDelegate.swift; sourceTree = "<group>"; };
		5828B680288C7B54002EE580 /* SceneDelegate.swift */ = {isa = PBXFileReference; lastKnownFileType = sourcecode.swift; path = SceneDelegate.swift; sourceTree = "<group>"; };
		5828B685288C7B54002EE580 /* Base */ = {isa = PBXFileReference; lastKnownFileType = file.storyboard; name = Base; path = Base.lproj/Main.storyboard; sourceTree = "<group>"; };
		5828B687288C7B55002EE580 /* Assets.xcassets */ = {isa = PBXFileReference; lastKnownFileType = folder.assetcatalog; path = Assets.xcassets; sourceTree = "<group>"; };
		5828B68A288C7B55002EE580 /* Base */ = {isa = PBXFileReference; lastKnownFileType = file.storyboard; name = Base; path = Base.lproj/LaunchScreen.storyboard; sourceTree = "<group>"; };
		5828B68C288C7B55002EE580 /* Info.plist */ = {isa = PBXFileReference; lastKnownFileType = text.plist.xml; path = Info.plist; sourceTree = "<group>"; };
		584130B1288F575D002759B7 /* RecipeTableViewCell.swift */ = {isa = PBXFileReference; lastKnownFileType = sourcecode.swift; path = RecipeTableViewCell.swift; sourceTree = "<group>"; };
		584130B2288F575D002759B7 /* RecipeTableViewCell.xib */ = {isa = PBXFileReference; lastKnownFileType = file.xib; path = RecipeTableViewCell.xib; sourceTree = "<group>"; };
		586F3EF5288C7DF80030BFE7 /* RecipeBook.swift */ = {isa = PBXFileReference; lastKnownFileType = sourcecode.swift; path = RecipeBook.swift; sourceTree = "<group>"; };
		58A2076E79F86742D38FF464 /* Pods-RecipeApp.debug.xcconfig */ = {isa = PBXFileReference; includeInIndex = 1; lastKnownFileType = text.xcconfig; name = "Pods-RecipeApp.debug.xcconfig"; path = "Target Support Files/Pods-RecipeApp/Pods-RecipeApp.debug.xcconfig"; sourceTree = "<group>"; };
		58C41EF7288CB69500F49C27 /* Recipe.swift */ = {isa = PBXFileReference; lastKnownFileType = sourcecode.swift; path = Recipe.swift; sourceTree = "<group>"; };
		58C41EF9288F408400F49C27 /* TableViewController.swift */ = {isa = PBXFileReference; lastKnownFileType = sourcecode.swift; path = TableViewController.swift; sourceTree = "<group>"; };
		8FEFD8F7DB4DFFF968A3F92A /* Pods_RecipeApp.framework */ = {isa = PBXFileReference; explicitFileType = wrapper.framework; includeInIndex = 0; path = Pods_RecipeApp.framework; sourceTree = BUILT_PRODUCTS_DIR; };
/* End PBXFileReference section */

/* Begin PBXFrameworksBuildPhase section */
		5828B678288C7B54002EE580 /* Frameworks */ = {
			isa = PBXFrameworksBuildPhase;
			buildActionMask = 2147483647;
			files = (
				D89B4A16BB3C4B95F5F0446C /* Pods_RecipeApp.framework in Frameworks */,
			);
			runOnlyForDeploymentPostprocessing = 0;
		};
/* End PBXFrameworksBuildPhase section */

/* Begin PBXGroup section */
		0D4D0C93F7FD28904DB16D7C /* Pods */ = {
			isa = PBXGroup;
			children = (
				58A2076E79F86742D38FF464 /* Pods-RecipeApp.debug.xcconfig */,
				2438AAF3C36125B62B00FEC0 /* Pods-RecipeApp.release.xcconfig */,
			);
			path = Pods;
			sourceTree = "<group>";
		};
		5828B672288C7B54002EE580 = {
			isa = PBXGroup;
			children = (
				5828B67D288C7B54002EE580 /* RecipeApp */,
				5828B67C288C7B54002EE580 /* Products */,
				0D4D0C93F7FD28904DB16D7C /* Pods */,
				BD2F1422697F1AC107C4B43F /* Frameworks */,
			);
			sourceTree = "<group>";
		};
		5828B67C288C7B54002EE580 /* Products */ = {
			isa = PBXGroup;
			children = (
				5828B67B288C7B54002EE580 /* RecipeApp.app */,
			);
			name = Products;
			sourceTree = "<group>";
		};
		5828B67D288C7B54002EE580 /* RecipeApp */ = {
			isa = PBXGroup;
			children = (
				5828B67E288C7B54002EE580 /* AppDelegate.swift */,
				5828B680288C7B54002EE580 /* SceneDelegate.swift */,
				5828B694288C7C44002EE580 /* Model */,
				5828B693288C7C3F002EE580 /* Controller */,
				5828B692288C7C39002EE580 /* View */,
				5828B687288C7B55002EE580 /* Assets.xcassets */,
				5828B689288C7B55002EE580 /* LaunchScreen.storyboard */,
				5828B68C288C7B55002EE580 /* Info.plist */,
			);
			path = RecipeApp;
			sourceTree = "<group>";
		};
		5828B692288C7C39002EE580 /* View */ = {
			isa = PBXGroup;
			children = (
				5828B684288C7B54002EE580 /* Main.storyboard */,
				584130B2288F575D002759B7 /* RecipeTableViewCell.xib */,
			);
			path = View;
			sourceTree = "<group>";
		};
		5828B693288C7C3F002EE580 /* Controller */ = {
			isa = PBXGroup;
			children = (
				58C41EF9288F408400F49C27 /* TableViewController.swift */,
				584130B1288F575D002759B7 /* RecipeTableViewCell.swift */,
			);
			path = Controller;
			sourceTree = "<group>";
			usesTabs = 0;
		};
		5828B694288C7C44002EE580 /* Model */ = {
			isa = PBXGroup;
			children = (
				586F3EF5288C7DF80030BFE7 /* RecipeBook.swift */,
				58C41EF7288CB69500F49C27 /* Recipe.swift */,
			);
			path = Model;
			sourceTree = "<group>";
		};
		BD2F1422697F1AC107C4B43F /* Frameworks */ = {
			isa = PBXGroup;
			children = (
				8FEFD8F7DB4DFFF968A3F92A /* Pods_RecipeApp.framework */,
			);
			name = Frameworks;
			sourceTree = "<group>";
		};
/* End PBXGroup section */

/* Begin PBXNativeTarget section */
		5828B67A288C7B54002EE580 /* RecipeApp */ = {
			isa = PBXNativeTarget;
			buildConfigurationList = 5828B68F288C7B55002EE580 /* Build configuration list for PBXNativeTarget "RecipeApp" */;
			buildPhases = (
				3679D8D258B66B5E407D2A21 /* [CP] Check Pods Manifest.lock */,
				5828B677288C7B54002EE580 /* Sources */,
				5828B678288C7B54002EE580 /* Frameworks */,
				5828B679288C7B54002EE580 /* Resources */,
				0C93BF26A75D37A645FC4328 /* [CP] Embed Pods Frameworks */,
			);
			buildRules = (
			);
			dependencies = (
			);
			name = RecipeApp;
			productName = RecipeApp;
			productReference = 5828B67B288C7B54002EE580 /* RecipeApp.app */;
			productType = "com.apple.product-type.application";
		};
/* End PBXNativeTarget section */

/* Begin PBXProject section */
		5828B673288C7B54002EE580 /* Project object */ = {
			isa = PBXProject;
			attributes = {
				BuildIndependentTargetsInParallel = 1;
				LastSwiftUpdateCheck = 1340;
				LastUpgradeCheck = 1340;
				TargetAttributes = {
					5828B67A288C7B54002EE580 = {
						CreatedOnToolsVersion = 13.4.1;
					};
				};
			};
			buildConfigurationList = 5828B676288C7B54002EE580 /* Build configuration list for PBXProject "RecipeApp" */;
			compatibilityVersion = "Xcode 13.0";
			developmentRegion = en;
			hasScannedForEncodings = 0;
			knownRegions = (
				en,
				Base,
			);
			mainGroup = 5828B672288C7B54002EE580;
			productRefGroup = 5828B67C288C7B54002EE580 /* Products */;
			projectDirPath = "";
			projectRoot = "";
			targets = (
				5828B67A288C7B54002EE580 /* RecipeApp */,
			);
		};
/* End PBXProject section */

/* Begin PBXResourcesBuildPhase section */
		5828B679288C7B54002EE580 /* Resources */ = {
			isa = PBXResourcesBuildPhase;
			buildActionMask = 2147483647;
			files = (
				5828B68B288C7B55002EE580 /* LaunchScreen.storyboard in Resources */,
				5828B688288C7B55002EE580 /* Assets.xcassets in Resources */,
				5828B686288C7B54002EE580 /* Main.storyboard in Resources */,
				584130B4288F575D002759B7 /* RecipeTableViewCell.xib in Resources */,
			);
			runOnlyForDeploymentPostprocessing = 0;
		};
/* End PBXResourcesBuildPhase section */

/* Begin PBXShellScriptBuildPhase section */
		0C93BF26A75D37A645FC4328 /* [CP] Embed Pods Frameworks */ = {
			isa = PBXShellScriptBuildPhase;
			buildActionMask = 2147483647;
			files = (
			);
			inputFileListPaths = (
				"${PODS_ROOT}/Target Support Files/Pods-RecipeApp/Pods-RecipeApp-frameworks-${CONFIGURATION}-input-files.xcfilelist",
			);
			name = "[CP] Embed Pods Frameworks";
			outputFileListPaths = (
				"${PODS_ROOT}/Target Support Files/Pods-RecipeApp/Pods-RecipeApp-frameworks-${CONFIGURATION}-output-files.xcfilelist",
			);
			runOnlyForDeploymentPostprocessing = 0;
			shellPath = /bin/sh;
			shellScript = "\"${PODS_ROOT}/Target Support Files/Pods-RecipeApp/Pods-RecipeApp-frameworks.sh\"\n";
			showEnvVarsInLog = 0;
		};
		3679D8D258B66B5E407D2A21 /* [CP] Check Pods Manifest.lock */ = {
			isa = PBXShellScriptBuildPhase;
			buildActionMask = 2147483647;
			files = (
			);
			inputFileListPaths = (
			);
			inputPaths = (
				"${PODS_PODFILE_DIR_PATH}/Podfile.lock",
				"${PODS_ROOT}/Manifest.lock",
			);
			name = "[CP] Check Pods Manifest.lock";
			outputFileListPaths = (
			);
			outputPaths = (
				"$(DERIVED_FILE_DIR)/Pods-RecipeApp-checkManifestLockResult.txt",
			);
			runOnlyForDeploymentPostprocessing = 0;
			shellPath = /bin/sh;
			shellScript = "diff \"${PODS_PODFILE_DIR_PATH}/Podfile.lock\" \"${PODS_ROOT}/Manifest.lock\" > /dev/null\nif [ $? != 0 ] ; then\n    # print error to STDERR\n    echo \"error: The sandbox is not in sync with the Podfile.lock. Run 'pod install' or update your CocoaPods installation.\" >&2\n    exit 1\nfi\n# This output is used by Xcode 'outputs' to avoid re-running this script phase.\necho \"SUCCESS\" > \"${SCRIPT_OUTPUT_FILE_0}\"\n";
			showEnvVarsInLog = 0;
		};
/* End PBXShellScriptBuildPhase section */

/* Begin PBXSourcesBuildPhase section */
		5828B677288C7B54002EE580 /* Sources */ = {
			isa = PBXSourcesBuildPhase;
			buildActionMask = 2147483647;
			files = (
				58C41EFA288F408400F49C27 /* TableViewController.swift in Sources */,
				5828B67F288C7B54002EE580 /* AppDelegate.swift in Sources */,
				586F3EF6288C7DF80030BFE7 /* RecipeBook.swift in Sources */,
				584130B3288F575D002759B7 /* RecipeTableViewCell.swift in Sources */,
				5828B681288C7B54002EE580 /* SceneDelegate.swift in Sources */,
				58C41EF8288CB69500F49C27 /* Recipe.swift in Sources */,
			);
			runOnlyForDeploymentPostprocessing = 0;
		};
/* End PBXSourcesBuildPhase section */

/* Begin PBXVariantGroup section */
		5828B684288C7B54002EE580 /* Main.storyboard */ = {
			isa = PBXVariantGroup;
			children = (
				5828B685288C7B54002EE580 /* Base */,
			);
			name = Main.storyboard;
			sourceTree = "<group>";
		};
		5828B689288C7B55002EE580 /* LaunchScreen.storyboard */ = {
			isa = PBXVariantGroup;
			children = (
				5828B68A288C7B55002EE580 /* Base */,
			);
			name = LaunchScreen.storyboard;
			sourceTree = "<group>";
		};
/* End PBXVariantGroup section */

/* Begin XCBuildConfiguration section */
		5828B68D288C7B55002EE580 /* Debug */ = {
			isa = XCBuildConfiguration;
			buildSettings = {
				ALWAYS_SEARCH_USER_PATHS = NO;
				CLANG_ANALYZER_NONNULL = YES;
				CLANG_ANALYZER_NUMBER_OBJECT_CONVERSION = YES_AGGRESSIVE;
				CLANG_CXX_LANGUAGE_STANDARD = "gnu++17";
				CLANG_ENABLE_MODULES = YES;
				CLANG_ENABLE_OBJC_ARC = YES;
				CLANG_ENABLE_OBJC_WEAK = YES;
				CLANG_WARN_BLOCK_CAPTURE_AUTORELEASING = YES;
				CLANG_WARN_BOOL_CONVERSION = YES;
				CLANG_WARN_COMMA = YES;
				CLANG_WARN_CONSTANT_CONVERSION = YES;
				CLANG_WARN_DEPRECATED_OBJC_IMPLEMENTATIONS = YES;
				CLANG_WARN_DIRECT_OBJC_ISA_USAGE = YES_ERROR;
				CLANG_WARN_DOCUMENTATION_COMMENTS = YES;
				CLANG_WARN_EMPTY_BODY = YES;
				CLANG_WARN_ENUM_CONVERSION = YES;
				CLANG_WARN_INFINITE_RECURSION = YES;
				CLANG_WARN_INT_CONVERSION = YES;
				CLANG_WARN_NON_LITERAL_NULL_CONVERSION = YES;
				CLANG_WARN_OBJC_IMPLICIT_RETAIN_SELF = YES;
				CLANG_WARN_OBJC_LITERAL_CONVERSION = YES;
				CLANG_WARN_OBJC_ROOT_CLASS = YES_ERROR;
				CLANG_WARN_QUOTED_INCLUDE_IN_FRAMEWORK_HEADER = YES;
				CLANG_WARN_RANGE_LOOP_ANALYSIS = YES;
				CLANG_WARN_STRICT_PROTOTYPES = YES;
				CLANG_WARN_SUSPICIOUS_MOVE = YES;
				CLANG_WARN_UNGUARDED_AVAILABILITY = YES_AGGRESSIVE;
				CLANG_WARN_UNREACHABLE_CODE = YES;
				CLANG_WARN__DUPLICATE_METHOD_MATCH = YES;
				COPY_PHASE_STRIP = NO;
				DEBUG_INFORMATION_FORMAT = dwarf;
				ENABLE_STRICT_OBJC_MSGSEND = YES;
				ENABLE_TESTABILITY = YES;
				GCC_C_LANGUAGE_STANDARD = gnu11;
				GCC_DYNAMIC_NO_PIC = NO;
				GCC_NO_COMMON_BLOCKS = YES;
				GCC_OPTIMIZATION_LEVEL = 0;
				GCC_PREPROCESSOR_DEFINITIONS = (
					"DEBUG=1",
					"$(inherited)",
				);
				GCC_WARN_64_TO_32_BIT_CONVERSION = YES;
				GCC_WARN_ABOUT_RETURN_TYPE = YES_ERROR;
				GCC_WARN_UNDECLARED_SELECTOR = YES;
				GCC_WARN_UNINITIALIZED_AUTOS = YES_AGGRESSIVE;
				GCC_WARN_UNUSED_FUNCTION = YES;
				GCC_WARN_UNUSED_VARIABLE = YES;
				IPHONEOS_DEPLOYMENT_TARGET = 15.5;
				MTL_ENABLE_DEBUG_INFO = INCLUDE_SOURCE;
				MTL_FAST_MATH = YES;
				ONLY_ACTIVE_ARCH = YES;
				SDKROOT = iphoneos;
				SWIFT_ACTIVE_COMPILATION_CONDITIONS = DEBUG;
				SWIFT_OPTIMIZATION_LEVEL = "-Onone";
			};
			name = Debug;
		};
		5828B68E288C7B55002EE580 /* Release */ = {
			isa = XCBuildConfiguration;
			buildSettings = {
				ALWAYS_SEARCH_USER_PATHS = NO;
				CLANG_ANALYZER_NONNULL = YES;
				CLANG_ANALYZER_NUMBER_OBJECT_CONVERSION = YES_AGGRESSIVE;
				CLANG_CXX_LANGUAGE_STANDARD = "gnu++17";
				CLANG_ENABLE_MODULES = YES;
				CLANG_ENABLE_OBJC_ARC = YES;
				CLANG_ENABLE_OBJC_WEAK = YES;
				CLANG_WARN_BLOCK_CAPTURE_AUTORELEASING = YES;
				CLANG_WARN_BOOL_CONVERSION = YES;
				CLANG_WARN_COMMA = YES;
				CLANG_WARN_CONSTANT_CONVERSION = YES;
				CLANG_WARN_DEPRECATED_OBJC_IMPLEMENTATIONS = YES;
				CLANG_WARN_DIRECT_OBJC_ISA_USAGE = YES_ERROR;
				CLANG_WARN_DOCUMENTATION_COMMENTS = YES;
				CLANG_WARN_EMPTY_BODY = YES;
				CLANG_WARN_ENUM_CONVERSION = YES;
				CLANG_WARN_INFINITE_RECURSION = YES;
				CLANG_WARN_INT_CONVERSION = YES;
				CLANG_WARN_NON_LITERAL_NULL_CONVERSION = YES;
				CLANG_WARN_OBJC_IMPLICIT_RETAIN_SELF = YES;
				CLANG_WARN_OBJC_LITERAL_CONVERSION = YES;
				CLANG_WARN_OBJC_ROOT_CLASS = YES_ERROR;
				CLANG_WARN_QUOTED_INCLUDE_IN_FRAMEWORK_HEADER = YES;
				CLANG_WARN_RANGE_LOOP_ANALYSIS = YES;
				CLANG_WARN_STRICT_PROTOTYPES = YES;
				CLANG_WARN_SUSPICIOUS_MOVE = YES;
				CLANG_WARN_UNGUARDED_AVAILABILITY = YES_AGGRESSIVE;
				CLANG_WARN_UNREACHABLE_CODE = YES;
				CLANG_WARN__DUPLICATE_METHOD_MATCH = YES;
				COPY_PHASE_STRIP = NO;
				DEBUG_INFORMATION_FORMAT = "dwarf-with-dsym";
				ENABLE_NS_ASSERTIONS = NO;
				ENABLE_STRICT_OBJC_MSGSEND = YES;
				GCC_C_LANGUAGE_STANDARD = gnu11;
				GCC_NO_COMMON_BLOCKS = YES;
				GCC_WARN_64_TO_32_BIT_CONVERSION = YES;
				GCC_WARN_ABOUT_RETURN_TYPE = YES_ERROR;
				GCC_WARN_UNDECLARED_SELECTOR = YES;
				GCC_WARN_UNINITIALIZED_AUTOS = YES_AGGRESSIVE;
				GCC_WARN_UNUSED_FUNCTION = YES;
				GCC_WARN_UNUSED_VARIABLE = YES;
				IPHONEOS_DEPLOYMENT_TARGET = 15.5;
				MTL_ENABLE_DEBUG_INFO = NO;
				MTL_FAST_MATH = YES;
				SDKROOT = iphoneos;
				SWIFT_COMPILATION_MODE = wholemodule;
				SWIFT_OPTIMIZATION_LEVEL = "-O";
				VALIDATE_PRODUCT = YES;
			};
			name = Release;
		};
		5828B690288C7B55002EE580 /* Debug */ = {
			isa = XCBuildConfiguration;
			baseConfigurationReference = 58A2076E79F86742D38FF464 /* Pods-RecipeApp.debug.xcconfig */;
			buildSettings = {
				ASSETCATALOG_COMPILER_APPICON_NAME = AppIcon;
				ASSETCATALOG_COMPILER_GLOBAL_ACCENT_COLOR_NAME = AccentColor;
				CODE_SIGN_STYLE = Automatic;
				CURRENT_PROJECT_VERSION = 1;
				DEVELOPMENT_TEAM = BSPGS2T42U;
				GENERATE_INFOPLIST_FILE = YES;
				INFOPLIST_FILE = RecipeApp/Info.plist;
				INFOPLIST_KEY_UIApplicationSupportsIndirectInputEvents = YES;
				INFOPLIST_KEY_UILaunchStoryboardName = LaunchScreen;
				INFOPLIST_KEY_UIMainStoryboardFile = Main;
				INFOPLIST_KEY_UISupportedInterfaceOrientations_iPad = "UIInterfaceOrientationPortrait UIInterfaceOrientationPortraitUpsideDown UIInterfaceOrientationLandscapeLeft UIInterfaceOrientationLandscapeRight";
				INFOPLIST_KEY_UISupportedInterfaceOrientations_iPhone = "UIInterfaceOrientationPortrait UIInterfaceOrientationLandscapeLeft UIInterfaceOrientationLandscapeRight";
				LD_RUNPATH_SEARCH_PATHS = (
					"$(inherited)",
					"@executable_path/Frameworks",
				);
				MARKETING_VERSION = 1.0;
				PRODUCT_BUNDLE_IDENTIFIER = adinjo.RecipeApp;
				PRODUCT_NAME = "$(TARGET_NAME)";
				SWIFT_EMIT_LOC_STRINGS = YES;
				SWIFT_VERSION = 5.0;
				TARGETED_DEVICE_FAMILY = "1,2";
			};
			name = Debug;
		};
		5828B691288C7B55002EE580 /* Release */ = {
			isa = XCBuildConfiguration;
			baseConfigurationReference = 2438AAF3C36125B62B00FEC0 /* Pods-RecipeApp.release.xcconfig */;
			buildSettings = {
				ASSETCATALOG_COMPILER_APPICON_NAME = AppIcon;
				ASSETCATALOG_COMPILER_GLOBAL_ACCENT_COLOR_NAME = AccentColor;
				CODE_SIGN_STYLE = Automatic;
				CURRENT_PROJECT_VERSION = 1;
				DEVELOPMENT_TEAM = BSPGS2T42U;
				GENERATE_INFOPLIST_FILE = YES;
				INFOPLIST_FILE = RecipeApp/Info.plist;
				INFOPLIST_KEY_UIApplicationSupportsIndirectInputEvents = YES;
				INFOPLIST_KEY_UILaunchStoryboardName = LaunchScreen;
				INFOPLIST_KEY_UIMainStoryboardFile = Main;
				INFOPLIST_KEY_UISupportedInterfaceOrientations_iPad = "UIInterfaceOrientationPortrait UIInterfaceOrientationPortraitUpsideDown UIInterfaceOrientationLandscapeLeft UIInterfaceOrientationLandscapeRight";
				INFOPLIST_KEY_UISupportedInterfaceOrientations_iPhone = "UIInterfaceOrientationPortrait UIInterfaceOrientationLandscapeLeft UIInterfaceOrientationLandscapeRight";
				LD_RUNPATH_SEARCH_PATHS = (
					"$(inherited)",
					"@executable_path/Frameworks",
				);
				MARKETING_VERSION = 1.0;
				PRODUCT_BUNDLE_IDENTIFIER = adinjo.RecipeApp;
				PRODUCT_NAME = "$(TARGET_NAME)";
				SWIFT_EMIT_LOC_STRINGS = YES;
				SWIFT_VERSION = 5.0;
				TARGETED_DEVICE_FAMILY = "1,2";
			};
			name = Release;
		};
/* End XCBuildConfiguration section */

/* Begin XCConfigurationList section */
		5828B676288C7B54002EE580 /* Build configuration list for PBXProject "RecipeApp" */ = {
			isa = XCConfigurationList;
			buildConfigurations = (
				5828B68D288C7B55002EE580 /* Debug */,
				5828B68E288C7B55002EE580 /* Release */,
			);
			defaultConfigurationIsVisible = 0;
			defaultConfigurationName = Release;
		};
		5828B68F288C7B55002EE580 /* Build configuration list for PBXNativeTarget "RecipeApp" */ = {
			isa = XCConfigurationList;
			buildConfigurations = (
				5828B690288C7B55002EE580 /* Debug */,
				5828B691288C7B55002EE580 /* Release */,
			);
			defaultConfigurationIsVisible = 0;
			defaultConfigurationName = Release;
		};
/* End XCConfigurationList section */
	};
	rootObject = 5828B673288C7B54002EE580 /* Project object */;
}
